
Microsoft Visual Studio Solution File, Format Version 12.00
# Visual Studio 14
VisualStudioVersion = 14.0.25420.1
MinimumVisualStudioVersion = 10.0.40219.1
Project("{FAE04EC0-301F-11D3-BF4B-00C04F79EFBC}") = "ZenithWebSite", "ZenithWebSite\ZenithWebSite.csproj", "{C0968993-1368-42BE-81D2-C5F6C46F554E}"
EndProject
Project("{FAE04EC0-301F-11D3-BF4B-00C04F79EFBC}") = "ZenithDataLib", "ZenithDataLib\ZenithDataLib.csproj", "{9E29AD8D-DD41-4BE1-BDAB-385F9D84B63D}"
EndProject
Global
	GlobalSection(SolutionConfigurationPlatforms) = preSolution
		Debug|Any CPU = Debug|Any CPU
		Release|Any CPU = Release|Any CPU
	EndGlobalSection
	GlobalSection(ProjectConfigurationPlatforms) = postSolution
		{C0968993-1368-42BE-81D2-C5F6C46F554E}.Debug|Any CPU.ActiveCfg = Debug|Any CPU
		{C0968993-1368-42BE-81D2-C5F6C46F554E}.Debug|Any CPU.Build.0 = Debug|Any CPU
		{C0968993-1368-42BE-81D2-C5F6C46F554E}.Release|Any CPU.ActiveCfg = Release|Any CPU
		{C0968993-1368-42BE-81D2-C5F6C46F554E}.Release|Any CPU.Build.0 = Release|Any CPU
		{9E29AD8D-DD41-4BE1-BDAB-385F9D84B63D}.Debug|Any CPU.ActiveCfg = Debug|Any CPU
		{9E29AD8D-DD41-4BE1-BDAB-385F9D84B63D}.Debug|Any CPU.Build.0 = Debug|Any CPU
		{9E29AD8D-DD41-4BE1-BDAB-385F9D84B63D}.Release|Any CPU.ActiveCfg = Release|Any CPU
		{9E29AD8D-DD41-4BE1-BDAB-385F9D84B63D}.Release|Any CPU.Build.0 = Release|Any CPU
	EndGlobalSection
	GlobalSection(SolutionProperties) = preSolution
		HideSolutionNode = FALSE
	EndGlobalSection
EndGlobal
